
Microsoft Visual Studio Solution File, Format Version 12.00
# Visual Studio 15
VisualStudioVersion = 15.0.28307.489
MinimumVisualStudioVersion = 10.0.40219.1
Project("{FAE04EC0-301F-11D3-BF4B-00C04F79EFBC}") = "PartlistGeneratorCore", "PartlistGeneratorCore\PartlistGeneratorCore.csproj", "{E689C83D-12F7-4DC1-9BCE-BEC4A433D941}"
EndProject
Global
	GlobalSection(SolutionConfigurationPlatforms) = preSolution
		Debug|Any CPU = Debug|Any CPU
		Release|Any CPU = Release|Any CPU
	EndGlobalSection
	GlobalSection(ProjectConfigurationPlatforms) = postSolution
		{E689C83D-12F7-4DC1-9BCE-BEC4A433D941}.Debug|Any CPU.ActiveCfg = Debug|Any CPU
		{E689C83D-12F7-4DC1-9BCE-BEC4A433D941}.Debug|Any CPU.Build.0 = Debug|Any CPU
		{E689C83D-12F7-4DC1-9BCE-BEC4A433D941}.Release|Any CPU.ActiveCfg = Release|Any CPU
		{E689C83D-12F7-4DC1-9BCE-BEC4A433D941}.Release|Any CPU.Build.0 = Release|Any CPU
	EndGlobalSection
	GlobalSection(SolutionProperties) = preSolution
		HideSolutionNode = FALSE
	EndGlobalSection
	GlobalSection(ExtensibilityGlobals) = postSolution
		SolutionGuid = {5440A1B9-7B36-4A17-A264-280FC3623F61}
	EndGlobalSection
EndGlobal
